{
  "requires": true,
  "lockfileVersion": 1,
  "dependencies": {
    "rellax": {
      "version": "1.7.2",
      "resolved": "https://registry.npmjs.org/rellax/-/rellax-1.7.2.tgz",
      "integrity": "sha512-4/q777omp87RakCEkV/+UtPfewZC6AfHDFJEM9tDkmyAj/Y5ia/hf41d2b5p8vr9k/ozjqnxt8tny4kCeTPhzA=="
    }
  }
}
